
Microsoft Visual Studio Solution File, Format Version 12.00
# Visual Studio Version 17
VisualStudioVersion = 17.8.34511.84
MinimumVisualStudioVersion = 10.0.40219.1
Project("{FAE04EC0-301F-11D3-BF4B-00C04F79EFBC}") = "EFTest-october", "EFTest-october\EFTest-october.csproj", "{D2CA3419-80A6-4A32-9135-D4BD34BDD445}"
EndProject
Global
	GlobalSection(SolutionConfigurationPlatforms) = preSolution
		Debug|Any CPU = Debug|Any CPU
		Release|Any CPU = Release|Any CPU
	EndGlobalSection
	GlobalSection(ProjectConfigurationPlatforms) = postSolution
		{D2CA3419-80A6-4A32-9135-D4BD34BDD445}.Debug|Any CPU.ActiveCfg = Debug|Any CPU
		{D2CA3419-80A6-4A32-9135-D4BD34BDD445}.Debug|Any CPU.Build.0 = Debug|Any CPU
		{D2CA3419-80A6-4A32-9135-D4BD34BDD445}.Release|Any CPU.ActiveCfg = Release|Any CPU
		{D2CA3419-80A6-4A32-9135-D4BD34BDD445}.Release|Any CPU.Build.0 = Release|Any CPU
	EndGlobalSection
	GlobalSection(SolutionProperties) = preSolution
		HideSolutionNode = FALSE
	EndGlobalSection
	GlobalSection(ExtensibilityGlobals) = postSolution
		SolutionGuid = {6E5FC1F8-778B-4246-886C-D99BD15C98DD}
	EndGlobalSection
EndGlobal
